<?xml version="1.0" encoding="utf-8"?>
<Project ToolsVersion="4.0" xmlns="http://schemas.microsoft.com/developer/msbuild/2003">
  <ItemGroup>
    <ClCompile Include="BackgroundSubtract.cpp" />
    <ClCompile Include="CameraStreamer.cpp" />
    <ClCompile Include="main.cpp" />
    <ClCompile Include="Ctracker.cpp" />
    <ClCompile Include="Kalman.cpp" />
    <ClCompile Include="LocalTracker.cpp" />
    <ClCompile Include="HungarianAlg.cpp" />
    <ClCompile Include="Detector.cpp" />
  </ItemGroup>
  <ItemGroup>
    <ClInclude Include="Tuner.h" />
    <ClInclude Include="CameraStreamer.h" />
    <ClInclude Include="BackgroundSubtract.h" />
    <ClInclude Include="Ctracker.h" />
    <ClInclude Include="defines.h" />
    <ClInclude Include="Kalman.h" />
    <ClInclude Include="LocalTracker.h" />
    <ClInclude Include="track.h" />
    <ClInclude Include="HungarianAlg.h" />
    <ClInclude Include="Detector.h" />
  </ItemGroup>
  <ItemGroup>
    <None Include="vs_garbage_del.bat" />
  </ItemGroup>
</Project>